caster_level: 13
description: "This intricate mechanism opens like a pocket watch to reveal a set of\
  \ dials indicating the current phase of the moon, as well as the previous and upcoming\
  \ phases. A moon clock can be destroyed as a standard action to release a powerful\
  \ blast of lunar energy in a 30-foot-radius burst. Lycanthropes in the area of this\
  \ blast must succeed at a DC 20 Will save or revert to their humanoid forms."
id: "item:moon_clock"
item_type: "Wondrous Item"
magic_aura: "moderate divination, moderate illusion"
name: "Moon Clock"
price: "2650 gp"
slot: "Slotless"
sources:
- "Blood of the Moon"
weight: "–"
