id: "item:potion_of_mental_block"
name: "Potion of Mental Block"
description: "You lock access to the target's procedural memories, preventing it from\
  \ drawing upon its experience and expertise. The target loses all skill ranks, spells\
  \ known, spells prepared, and activated feats, as well as its extraordinary, supernatural,\
  \ and spell-like abilities. Each round at the end of the target's turn, the target\
  \ can attempt another Will save to end this effect."
item_type: "Potion"
price: "400 gp"
weight: "0"
slot: "None"
armor_bonus: null
armor_type: null
armor_max_dex: null
armor_check_penalty: null
arcane_spell_failure_chance: null
armor_enhancement_bonus: null
caster_level: 2
magic_aura: null
weapon_proficiency_group: null
weapon_type: null
weapon_damage: null
weapon_crit_range: null
weapon_damage_type: null
weapon_enhancement_bonus: null
weapon_range: null
weapon_groups: null
sources:
- "Occult Adventures"
destruction: null
weapon_special: null
armor_special_material: null
weapon_special_material: null
