{
  "name": "@pathfinder-lib/character-data",
  "version": "1.0.0",
  "lockfileVersion": 3,
  "requires": true,
  "packages": {
    "": {
      "name": "@pathfinder-lib/character-data",
      "version": "1.0.0",
      "dependencies": {
        "@kierannichol/formula-js": "^2.1.2",
        "@pathfinder-lib/utils": "../utils/dist"
      },
      "devDependencies": {
        "typescript": "^5.7.2"
      }
    },
    "../utils/dist": {
      "name": "@pathfinder-lib/utils",
      "version": "1.0.0",
      "dependencies": {
        "@kierannichol/formula-js": "^1.7.0"
      },
      "devDependencies": {
        "ts-loader": "^9.5.1",
        "typescript": "^5.7.2",
        "webpack": "^5.97.1",
        "webpack-cli": "^5.1.4"
      }
    },
    "node_modules/@kierannichol/formula-js": {
      "version": "2.1.2",
      "resolved": "https://npm.pkg.github.com/download/@kierannichol/formula-js/2.1.2/58ca3e777ec671aa540fbb28d0dfb88287da5c12",
      "integrity": "sha512-YaXlUhSgHW7r3ux7yvR+jkrK6S9kdtnEqBcrHgbU+ZdC+Z1bbz9258IoYhVkgHA+StbgigxtrnY2cKyCoENJQw==",
      "dependencies": {
        "@types/yaml": "^1.9.7"
      }
    },
    "node_modules/@pathfinder-lib/utils": {
      "resolved": "../utils/dist",
      "link": true
    },
    "node_modules/@types/yaml": {
      "version": "1.9.7",
      "license": "MIT",
      "dependencies": {
        "yaml": "*"
      }
    },
    "node_modules/typescript": {
      "version": "5.7.2",
      "dev": true,
      "license": "Apache-2.0",
      "bin": {
        "tsc": "bin/tsc",
        "tsserver": "bin/tsserver"
      },
      "engines": {
        "node": ">=14.17"
      }
    },
    "node_modules/yaml": {
      "version": "2.6.1",
      "license": "ISC",
      "bin": {
        "yaml": "bin.mjs"
      },
      "engines": {
        "node": ">= 14"
      }
    }
  }
}
